// !$*UTF8*$!
{
	archiveVersion = 1;
	classes = {
	};
	objectVersion = 46;
	objects = {

/* Begin PBXBuildFile section */
		EB02A4901DC7186200D0BE13 /* BYMethod.m in Sources */ = {isa = PBXBuildFile; fileRef = EB02A4891DC7186200D0BE13 /* BYMethod.m */; };
		EB02A4911DC7186200D0BE13 /* BYObjcParser.m in Sources */ = {isa = PBXBuildFile; fileRef = EB02A48B1DC7186200D0BE13 /* BYObjcParser.m */; };
		EB02A4921DC7186200D0BE13 /* BYProperty.m in Sources */ = {isa = PBXBuildFile; fileRef = EB02A48D1DC7186200D0BE13 /* BYProperty.m */; };
		EB02A4931DC7186200D0BE13 /* BYType.m in Sources */ = {isa = PBXBuildFile; fileRef = EB02A48F1DC7186200D0BE13 /* BYType.m */; };
		EB0BF5D61DC103FF0031A4A7 /* AppDelegate.m in Sources */ = {isa = PBXBuildFile; fileRef = EB0BF5D51DC103FF0031A4A7 /* AppDelegate.m */; };
		EB0BF5D91DC103FF0031A4A7 /* main.m in Sources */ = {isa = PBXBuildFile; fileRef = EB0BF5D81DC103FF0031A4A7 /* main.m */; };
		EB0BF5DB1DC103FF0031A4A7 /* Assets.xcassets in Resources */ = {isa = PBXBuildFile; fileRef = EB0BF5DA1DC103FF0031A4A7 /* Assets.xcassets */; };
		EB0BF5DE1DC103FF0031A4A7 /* MainMenu.xib in Resources */ = {isa = PBXBuildFile; fileRef = EB0BF5DC1DC103FF0031A4A7 /* MainMenu.xib */; };
		EB0BF5EC1DC1041F0031A4A7 /* Cocoa.framework in Frameworks */ = {isa = PBXBuildFile; fileRef = EB0BF5EB1DC1041F0031A4A7 /* Cocoa.framework */; };
		EB0BF5F21DC1041F0031A4A7 /* SourceEditorExtension.m in Sources */ = {isa = PBXBuildFile; fileRef = EB0BF5F11DC1041F0031A4A7 /* SourceEditorExtension.m */; };
		EB0BF5F51DC1041F0031A4A7 /* SourceEditorCommand.m in Sources */ = {isa = PBXBuildFile; fileRef = EB0BF5F41DC1041F0031A4A7 /* SourceEditorCommand.m */; };
		EB0BF5F91DC1041F0031A4A7 /* Basics.appex in Embed App Extensions */ = {isa = PBXBuildFile; fileRef = EB0BF5E91DC1041F0031A4A7 /* Basics.appex */; settings = {ATTRIBUTES = (RemoveHeadersOnCopy, ); }; };
		EB0BF60F1DC104780031A4A7 /* BYObjcGenerator.m in Sources */ = {isa = PBXBuildFile; fileRef = EB0BF60A1DC104780031A4A7 /* BYObjcGenerator.m */; };
		EB0BF6111DC104780031A4A7 /* BYSourceInfo.m in Sources */ = {isa = PBXBuildFile; fileRef = EB0BF60E1DC104780031A4A7 /* BYSourceInfo.m */; };
		EB64F7F91DEA4B3D00C20A44 /* XcodeBasicsTests.m in Sources */ = {isa = PBXBuildFile; fileRef = EB64F7F81DEA4B3D00C20A44 /* XcodeBasicsTests.m */; };
		EB64F8011DEA4C8F00C20A44 /* BYObjcParserTests.m in Sources */ = {isa = PBXBuildFile; fileRef = EB64F8001DEA4C8F00C20A44 /* BYObjcParserTests.m */; };
		EB64F8061DEA53EC00C20A44 /* BYObjcParser.m in Sources */ = {isa = PBXBuildFile; fileRef = EB02A48B1DC7186200D0BE13 /* BYObjcParser.m */; };
		EB64F8071DEA540100C20A44 /* BYMethod.m in Sources */ = {isa = PBXBuildFile; fileRef = EB02A4891DC7186200D0BE13 /* BYMethod.m */; };
		EB64F8081DEA540400C20A44 /* BYProperty.m in Sources */ = {isa = PBXBuildFile; fileRef = EB02A48D1DC7186200D0BE13 /* BYProperty.m */; };
		EB64F8091DEA540800C20A44 /* BYType.m in Sources */ = {isa = PBXBuildFile; fileRef = EB02A48F1DC7186200D0BE13 /* BYType.m */; };
		EB64F80A1DEA546D00C20A44 /* ObjcParser_0.txt in Resources */ = {isa = PBXBuildFile; fileRef = EB64F8031DEA50E100C20A44 /* ObjcParser_0.txt */; };
		EBC67BAB1DD01ABD0092C1CE /* NSScanner+Tools.m in Sources */ = {isa = PBXBuildFile; fileRef = EBC67BA81DD01ABD0092C1CE /* NSScanner+Tools.m */; };
		EBC67BAC1DD01ABD0092C1CE /* NSString+Tools.m in Sources */ = {isa = PBXBuildFile; fileRef = EBC67BAA1DD01ABD0092C1CE /* NSString+Tools.m */; };
		EBFF87311DC6BC9C00CB80FD /* BYCommandInfo.m in Sources */ = {isa = PBXBuildFile; fileRef = EBFF87301DC6BC9C00CB80FD /* BYCommandInfo.m */; };
/* End PBXBuildFile section */

/* Begin PBXContainerItemProxy section */
		EB0BF5F71DC1041F0031A4A7 /* PBXContainerItemProxy */ = {
			isa = PBXContainerItemProxy;
			containerPortal = EB0BF5C91DC103FF0031A4A7 /* Project object */;
			proxyType = 1;
			remoteGlobalIDString = EB0BF5E81DC1041F0031A4A7;
			remoteInfo = Basics;
		};
		EB64F7FB1DEA4B3D00C20A44 /* PBXContainerItemProxy */ = {
			isa = PBXContainerItemProxy;
			containerPortal = EB0BF5C91DC103FF0031A4A7 /* Project object */;
			proxyType = 1;
			remoteGlobalIDString = EB0BF5D01DC103FF0031A4A7;
			remoteInfo = XcodeBasics;
		};
/* End PBXContainerItemProxy section */

/* Begin PBXCopyFilesBuildPhase section */
		EB0BF5FD1DC1041F0031A4A7 /* Embed App Extensions */ = {
			isa = PBXCopyFilesBuildPhase;
			buildActionMask = 2147483647;
			dstPath = "";
			dstSubfolderSpec = 13;
			files = (
				EB0BF5F91DC1041F0031A4A7 /* Basics.appex in Embed App Extensions */,
			);
			name = "Embed App Extensions";
			runOnlyForDeploymentPostprocessing = 0;
		};
/* End PBXCopyFilesBuildPhase section */

/* Begin PBXFileReference section */
		EB02A4881DC7186200D0BE13 /* BYMethod.h */ = {isa = PBXFileReference; fileEncoding = 4; lastKnownFileType = sourcecode.c.h; name = BYMethod.h; path = Parser/BYMethod.h; sourceTree = "<group>"; };
		EB02A4891DC7186200D0BE13 /* BYMethod.m */ = {isa = PBXFileReference; fileEncoding = 4; lastKnownFileType = sourcecode.c.objc; name = BYMethod.m; path = Parser/BYMethod.m; sourceTree = "<group>"; };
		EB02A48A1DC7186200D0BE13 /* BYObjcParser.h */ = {isa = PBXFileReference; fileEncoding = 4; lastKnownFileType = sourcecode.c.h; name = BYObjcParser.h; path = Parser/BYObjcParser.h; sourceTree = "<group>"; };
		EB02A48B1DC7186200D0BE13 /* BYObjcParser.m */ = {isa = PBXFileReference; fileEncoding = 4; lastKnownFileType = sourcecode.c.objc; name = BYObjcParser.m; path = Parser/BYObjcParser.m; sourceTree = "<group>"; };
		EB02A48C1DC7186200D0BE13 /* BYProperty.h */ = {isa = PBXFileReference; fileEncoding = 4; lastKnownFileType = sourcecode.c.h; name = BYProperty.h; path = Parser/BYProperty.h; sourceTree = "<group>"; };
		EB02A48D1DC7186200D0BE13 /* BYProperty.m */ = {isa = PBXFileReference; fileEncoding = 4; lastKnownFileType = sourcecode.c.objc; name = BYProperty.m; path = Parser/BYProperty.m; sourceTree = "<group>"; };
		EB02A48E1DC7186200D0BE13 /* BYType.h */ = {isa = PBXFileReference; fileEncoding = 4; lastKnownFileType = sourcecode.c.h; name = BYType.h; path = Parser/BYType.h; sourceTree = "<group>"; };
		EB02A48F1DC7186200D0BE13 /* BYType.m */ = {isa = PBXFileReference; fileEncoding = 4; lastKnownFileType = sourcecode.c.objc; name = BYType.m; path = Parser/BYType.m; sourceTree = "<group>"; };
		EB0BF5D11DC103FF0031A4A7 /* XcodeBasics.app */ = {isa = PBXFileReference; explicitFileType = wrapper.application; includeInIndex = 0; path = XcodeBasics.app; sourceTree = BUILT_PRODUCTS_DIR; };
		EB0BF5D41DC103FF0031A4A7 /* AppDelegate.h */ = {isa = PBXFileReference; lastKnownFileType = sourcecode.c.h; path = AppDelegate.h; sourceTree = "<group>"; };
		EB0BF5D51DC103FF0031A4A7 /* AppDelegate.m */ = {isa = PBXFileReference; lastKnownFileType = sourcecode.c.objc; path = AppDelegate.m; sourceTree = "<group>"; };
		EB0BF5D81DC103FF0031A4A7 /* main.m */ = {isa = PBXFileReference; lastKnownFileType = sourcecode.c.objc; path = main.m; sourceTree = "<group>"; };
		EB0BF5DA1DC103FF0031A4A7 /* Assets.xcassets */ = {isa = PBXFileReference; lastKnownFileType = folder.assetcatalog; path = Assets.xcassets; sourceTree = "<group>"; };
		EB0BF5DD1DC103FF0031A4A7 /* Base */ = {isa = PBXFileReference; lastKnownFileType = file.xib; name = Base; path = Base.lproj/MainMenu.xib; sourceTree = "<group>"; };
		EB0BF5DF1DC103FF0031A4A7 /* Info.plist */ = {isa = PBXFileReference; lastKnownFileType = text.plist.xml; path = Info.plist; sourceTree = "<group>"; };
		EB0BF5E91DC1041F0031A4A7 /* Basics.appex */ = {isa = PBXFileReference; explicitFileType = "wrapper.app-extension"; includeInIndex = 0; path = Basics.appex; sourceTree = BUILT_PRODUCTS_DIR; };
		EB0BF5EB1DC1041F0031A4A7 /* Cocoa.framework */ = {isa = PBXFileReference; lastKnownFileType = wrapper.framework; name = Cocoa.framework; path = System/Library/Frameworks/Cocoa.framework; sourceTree = SDKROOT; };
		EB0BF5EF1DC1041F0031A4A7 /* Basics.entitlements */ = {isa = PBXFileReference; lastKnownFileType = text.plist.entitlements; path = Basics.entitlements; sourceTree = "<group>"; };
		EB0BF5F01DC1041F0031A4A7 /* SourceEditorExtension.h */ = {isa = PBXFileReference; lastKnownFileType = sourcecode.c.h; path = SourceEditorExtension.h; sourceTree = "<group>"; };
		EB0BF5F11DC1041F0031A4A7 /* SourceEditorExtension.m */ = {isa = PBXFileReference; lastKnownFileType = sourcecode.c.objc; path = SourceEditorExtension.m; sourceTree = "<group>"; };
		EB0BF5F31DC1041F0031A4A7 /* SourceEditorCommand.h */ = {isa = PBXFileReference; lastKnownFileType = sourcecode.c.h; path = SourceEditorCommand.h; sourceTree = "<group>"; };
		EB0BF5F41DC1041F0031A4A7 /* SourceEditorCommand.m */ = {isa = PBXFileReference; lastKnownFileType = sourcecode.c.objc; path = SourceEditorCommand.m; sourceTree = "<group>"; };
		EB0BF5F61DC1041F0031A4A7 /* Info.plist */ = {isa = PBXFileReference; lastKnownFileType = text.plist.xml; path = Info.plist; sourceTree = "<group>"; };
		EB0BF6081DC104780031A4A7 /* BYGenerator.h */ = {isa = PBXFileReference; fileEncoding = 4; lastKnownFileType = sourcecode.c.h; path = BYGenerator.h; sourceTree = "<group>"; };
		EB0BF6091DC104780031A4A7 /* BYObjcGenerator.h */ = {isa = PBXFileReference; fileEncoding = 4; lastKnownFileType = sourcecode.c.h; path = BYObjcGenerator.h; sourceTree = "<group>"; };
		EB0BF60A1DC104780031A4A7 /* BYObjcGenerator.m */ = {isa = PBXFileReference; fileEncoding = 4; lastKnownFileType = sourcecode.c.objc; path = BYObjcGenerator.m; sourceTree = "<group>"; };
		EB0BF60D1DC104780031A4A7 /* BYSourceInfo.h */ = {isa = PBXFileReference; fileEncoding = 4; lastKnownFileType = sourcecode.c.h; path = BYSourceInfo.h; sourceTree = "<group>"; };
		EB0BF60E1DC104780031A4A7 /* BYSourceInfo.m */ = {isa = PBXFileReference; fileEncoding = 4; lastKnownFileType = sourcecode.c.objc; path = BYSourceInfo.m; sourceTree = "<group>"; };
		EB64F7F61DEA4B3D00C20A44 /* XcodeBasicsTests.xctest */ = {isa = PBXFileReference; explicitFileType = wrapper.cfbundle; includeInIndex = 0; path = XcodeBasicsTests.xctest; sourceTree = BUILT_PRODUCTS_DIR; };
		EB64F7F81DEA4B3D00C20A44 /* XcodeBasicsTests.m */ = {isa = PBXFileReference; lastKnownFileType = sourcecode.c.objc; path = XcodeBasicsTests.m; sourceTree = "<group>"; };
		EB64F7FA1DEA4B3D00C20A44 /* Info.plist */ = {isa = PBXFileReference; lastKnownFileType = text.plist.xml; path = Info.plist; sourceTree = "<group>"; };
		EB64F8001DEA4C8F00C20A44 /* BYObjcParserTests.m */ = {isa = PBXFileReference; fileEncoding = 4; lastKnownFileType = sourcecode.c.objc; path = BYObjcParserTests.m; sourceTree = "<group>"; };
		EB64F8031DEA50E100C20A44 /* ObjcParser_0.txt */ = {isa = PBXFileReference; fileEncoding = 4; lastKnownFileType = text; name = ObjcParser_0.txt; path = Resources/ObjcParser_0.txt; sourceTree = "<group>"; };
		EBC67BA71DD01ABD0092C1CE /* NSScanner+Tools.h */ = {isa = PBXFileReference; fileEncoding = 4; lastKnownFileType = sourcecode.c.h; name = "NSScanner+Tools.h"; path = "Categories/NSScanner+Tools.h"; sourceTree = "<group>"; };
		EBC67BA81DD01ABD0092C1CE /* NSScanner+Tools.m */ = {isa = PBXFileReference; fileEncoding = 4; lastKnownFileType = sourcecode.c.objc; name = "NSScanner+Tools.m"; path = "Categories/NSScanner+Tools.m"; sourceTree = "<group>"; };
		EBC67BA91DD01ABD0092C1CE /* NSString+Tools.h */ = {isa = PBXFileReference; fileEncoding = 4; lastKnownFileType = sourcecode.c.h; name = "NSString+Tools.h"; path = "Categories/NSString+Tools.h"; sourceTree = "<group>"; };
		EBC67BAA1DD01ABD0092C1CE /* NSString+Tools.m */ = {isa = PBXFileReference; fileEncoding = 4; lastKnownFileType = sourcecode.c.objc; name = "NSString+Tools.m"; path = "Categories/NSString+Tools.m"; sourceTree = "<group>"; };
		EBCFD2A91DD8D48D00D3662C /* BYMacros.h */ = {isa = PBXFileReference; lastKnownFileType = sourcecode.c.h; path = BYMacros.h; sourceTree = "<group>"; };
		EBFF872F1DC6BC9C00CB80FD /* BYCommandInfo.h */ = {isa = PBXFileReference; fileEncoding = 4; lastKnownFileType = sourcecode.c.h; path = BYCommandInfo.h; sourceTree = "<group>"; };
		EBFF87301DC6BC9C00CB80FD /* BYCommandInfo.m */ = {isa = PBXFileReference; fileEncoding = 4; lastKnownFileType = sourcecode.c.objc; path = BYCommandInfo.m; sourceTree = "<group>"; };
/* End PBXFileReference section */

/* Begin PBXFrameworksBuildPhase section */
		EB0BF5CE1DC103FF0031A4A7 /* Frameworks */ = {
			isa = PBXFrameworksBuildPhase;
			buildActionMask = 2147483647;
			files = (
			);
			runOnlyForDeploymentPostprocessing = 0;
		};
		EB0BF5E61DC1041F0031A4A7 /* Frameworks */ = {
			isa = PBXFrameworksBuildPhase;
			buildActionMask = 2147483647;
			files = (
				EB0BF5EC1DC1041F0031A4A7 /* Cocoa.framework in Frameworks */,
			);
			runOnlyForDeploymentPostprocessing = 0;
		};
		EB64F7F31DEA4B3D00C20A44 /* Frameworks */ = {
			isa = PBXFrameworksBuildPhase;
			buildActionMask = 2147483647;
			files = (
			);
			runOnlyForDeploymentPostprocessing = 0;
		};
/* End PBXFrameworksBuildPhase section */

/* Begin PBXGroup section */
		EB02A4871DC7181500D0BE13 /* Parser */ = {
			isa = PBXGroup;
			children = (
				EB02A4881DC7186200D0BE13 /* BYMethod.h */,
				EB02A4891DC7186200D0BE13 /* BYMethod.m */,
				EB02A48A1DC7186200D0BE13 /* BYObjcParser.h */,
				EB02A48B1DC7186200D0BE13 /* BYObjcParser.m */,
				EB02A48C1DC7186200D0BE13 /* BYProperty.h */,
				EB02A48D1DC7186200D0BE13 /* BYProperty.m */,
				EB02A48E1DC7186200D0BE13 /* BYType.h */,
				EB02A48F1DC7186200D0BE13 /* BYType.m */,
			);
			name = Parser;
			sourceTree = "<group>";
		};
		EB0BF5C81DC103FF0031A4A7 = {
			isa = PBXGroup;
			children = (
				EB0BF5D31DC103FF0031A4A7 /* XcodeBasics */,
				EB0BF5ED1DC1041F0031A4A7 /* Basics */,
				EB64F7F71DEA4B3D00C20A44 /* XcodeBasicsTests */,
				EB0BF5EA1DC1041F0031A4A7 /* Frameworks */,
				EB0BF5D21DC103FF0031A4A7 /* Products */,
			);
			sourceTree = "<group>";
		};
		EB0BF5D21DC103FF0031A4A7 /* Products */ = {
			isa = PBXGroup;
			children = (
				EB0BF5D11DC103FF0031A4A7 /* XcodeBasics.app */,
				EB0BF5E91DC1041F0031A4A7 /* Basics.appex */,
				EB64F7F61DEA4B3D00C20A44 /* XcodeBasicsTests.xctest */,
			);
			name = Products;
			sourceTree = "<group>";
		};
		EB0BF5D31DC103FF0031A4A7 /* XcodeBasics */ = {
			isa = PBXGroup;
			children = (
				EB0BF5D41DC103FF0031A4A7 /* AppDelegate.h */,
				EB0BF5D51DC103FF0031A4A7 /* AppDelegate.m */,
				EB0BF5DA1DC103FF0031A4A7 /* Assets.xcassets */,
				EB0BF5DC1DC103FF0031A4A7 /* MainMenu.xib */,
				EB0BF5DF1DC103FF0031A4A7 /* Info.plist */,
				EB0BF5D71DC103FF0031A4A7 /* Supporting Files */,
			);
			path = XcodeBasics;
			sourceTree = "<group>";
		};
		EB0BF5D71DC103FF0031A4A7 /* Supporting Files */ = {
			isa = PBXGroup;
			children = (
				EB0BF5D81DC103FF0031A4A7 /* main.m */,
			);
			name = "Supporting Files";
			sourceTree = "<group>";
		};
		EB0BF5EA1DC1041F0031A4A7 /* Frameworks */ = {
			isa = PBXGroup;
			children = (
				EB0BF5EB1DC1041F0031A4A7 /* Cocoa.framework */,
			);
			name = Frameworks;
			sourceTree = "<group>";
		};
		EB0BF5ED1DC1041F0031A4A7 /* Basics */ = {
			isa = PBXGroup;
			children = (
				EBC67BA61DD01AA70092C1CE /* Categories */,
				EB02A4871DC7181500D0BE13 /* Parser */,
				EB0BF5EE1DC1041F0031A4A7 /* Supporting Files */,
				EBFF872F1DC6BC9C00CB80FD /* BYCommandInfo.h */,
				EBFF87301DC6BC9C00CB80FD /* BYCommandInfo.m */,
				EB0BF6081DC104780031A4A7 /* BYGenerator.h */,
				EBCFD2A91DD8D48D00D3662C /* BYMacros.h */,
				EB0BF6091DC104780031A4A7 /* BYObjcGenerator.h */,
				EB0BF60A1DC104780031A4A7 /* BYObjcGenerator.m */,
				EB0BF60D1DC104780031A4A7 /* BYSourceInfo.h */,
				EB0BF60E1DC104780031A4A7 /* BYSourceInfo.m */,
				EB0BF5F01DC1041F0031A4A7 /* SourceEditorExtension.h */,
				EB0BF5F11DC1041F0031A4A7 /* SourceEditorExtension.m */,
				EB0BF5F31DC1041F0031A4A7 /* SourceEditorCommand.h */,
				EB0BF5F41DC1041F0031A4A7 /* SourceEditorCommand.m */,
				EB0BF5F61DC1041F0031A4A7 /* Info.plist */,
			);
			path = Basics;
			sourceTree = "<group>";
		};
		EB0BF5EE1DC1041F0031A4A7 /* Supporting Files */ = {
			isa = PBXGroup;
			children = (
				EB0BF5EF1DC1041F0031A4A7 /* Basics.entitlements */,
			);
			name = "Supporting Files";
			sourceTree = "<group>";
		};
		EB64F7F71DEA4B3D00C20A44 /* XcodeBasicsTests */ = {
			isa = PBXGroup;
			children = (
				EB64F8021DEA509400C20A44 /* Resources */,
				EB64F8001DEA4C8F00C20A44 /* BYObjcParserTests.m */,
				EB64F7F81DEA4B3D00C20A44 /* XcodeBasicsTests.m */,
				EB64F7FA1DEA4B3D00C20A44 /* Info.plist */,
			);
			path = XcodeBasicsTests;
			sourceTree = "<group>";
		};
		EB64F8021DEA509400C20A44 /* Resources */ = {
			isa = PBXGroup;
			children = (
				EB64F8031DEA50E100C20A44 /* ObjcParser_0.txt */,
			);
			name = Resources;
			sourceTree = "<group>";
		};
		EBC67BA61DD01AA70092C1CE /* Categories */ = {
			isa = PBXGroup;
			children = (
				EBC67BA71DD01ABD0092C1CE /* NSScanner+Tools.h */,
				EBC67BA81DD01ABD0092C1CE /* NSScanner+Tools.m */,
				EBC67BA91DD01ABD0092C1CE /* NSString+Tools.h */,
				EBC67BAA1DD01ABD0092C1CE /* NSString+Tools.m */,
			);
			name = Categories;
			sourceTree = "<group>";
		};
/* End PBXGroup section */

/* Begin PBXNativeTarget section */
		EB0BF5D01DC103FF0031A4A7 /* XcodeBasics */ = {
			isa = PBXNativeTarget;
			buildConfigurationList = EB0BF5E21DC103FF0031A4A7 /* Build configuration list for PBXNativeTarget "XcodeBasics" */;
			buildPhases = (
				EB0BF5CD1DC103FF0031A4A7 /* Sources */,
				EB0BF5CE1DC103FF0031A4A7 /* Frameworks */,
				EB0BF5CF1DC103FF0031A4A7 /* Resources */,
				EB0BF5FD1DC1041F0031A4A7 /* Embed App Extensions */,
			);
			buildRules = (
			);
			dependencies = (
				EB0BF5F81DC1041F0031A4A7 /* PBXTargetDependency */,
			);
			name = XcodeBasics;
			productName = XcodeBasics;
			productReference = EB0BF5D11DC103FF0031A4A7 /* XcodeBasics.app */;
			productType = "com.apple.product-type.application";
		};
		EB0BF5E81DC1041F0031A4A7 /* Basics */ = {
			isa = PBXNativeTarget;
			buildConfigurationList = EB0BF5FA1DC1041F0031A4A7 /* Build configuration list for PBXNativeTarget "Basics" */;
			buildPhases = (
				EB0BF5E51DC1041F0031A4A7 /* Sources */,
				EB0BF5E61DC1041F0031A4A7 /* Frameworks */,
				EB0BF5E71DC1041F0031A4A7 /* Resources */,
			);
			buildRules = (
			);
			dependencies = (
			);
			name = Basics;
			productName = Basics;
			productReference = EB0BF5E91DC1041F0031A4A7 /* Basics.appex */;
			productType = "com.apple.product-type.xcode-extension";
		};
		EB64F7F51DEA4B3D00C20A44 /* XcodeBasicsTests */ = {
			isa = PBXNativeTarget;
			buildConfigurationList = EB64F7FF1DEA4B3D00C20A44 /* Build configuration list for PBXNativeTarget "XcodeBasicsTests" */;
			buildPhases = (
				EB64F7F21DEA4B3D00C20A44 /* Sources */,
				EB64F7F31DEA4B3D00C20A44 /* Frameworks */,
				EB64F7F41DEA4B3D00C20A44 /* Resources */,
			);
			buildRules = (
			);
			dependencies = (
				EB64F7FC1DEA4B3D00C20A44 /* PBXTargetDependency */,
			);
			name = XcodeBasicsTests;
			productName = XcodeBasicsTests;
			productReference = EB64F7F61DEA4B3D00C20A44 /* XcodeBasicsTests.xctest */;
			productType = "com.apple.product-type.bundle.unit-test";
		};
/* End PBXNativeTarget section */

/* Begin PBXProject section */
		EB0BF5C91DC103FF0031A4A7 /* Project object */ = {
			isa = PBXProject;
			attributes = {
				LastUpgradeCheck = 0800;
				ORGANIZATIONNAME = "Young, Braden";
				TargetAttributes = {
					EB0BF5D01DC103FF0031A4A7 = {
						CreatedOnToolsVersion = 8.0;
						DevelopmentTeam = 8WC4AP3S3X;
						ProvisioningStyle = Automatic;
					};
					EB0BF5E81DC1041F0031A4A7 = {
						CreatedOnToolsVersion = 8.0;
						DevelopmentTeam = 8WC4AP3S3X;
						ProvisioningStyle = Automatic;
					};
					EB64F7F51DEA4B3D00C20A44 = {
						CreatedOnToolsVersion = 8.1;
						DevelopmentTeam = 8WC4AP3S3X;
						ProvisioningStyle = Automatic;
						TestTargetID = EB0BF5D01DC103FF0031A4A7;
					};
				};
			};
			buildConfigurationList = EB0BF5CC1DC103FF0031A4A7 /* Build configuration list for PBXProject "XcodeBasics" */;
			compatibilityVersion = "Xcode 3.2";
			developmentRegion = English;
			hasScannedForEncodings = 0;
			knownRegions = (
				English,
				en,
				Base,
			);
			mainGroup = EB0BF5C81DC103FF0031A4A7;
			productRefGroup = EB0BF5D21DC103FF0031A4A7 /* Products */;
			projectDirPath = "";
			projectRoot = "";
			targets = (
				EB0BF5D01DC103FF0031A4A7 /* XcodeBasics */,
				EB64F7F51DEA4B3D00C20A44 /* XcodeBasicsTests */,
				EB0BF5E81DC1041F0031A4A7 /* Basics */,
			);
		};
/* End PBXProject section */

/* Begin PBXResourcesBuildPhase section */
		EB0BF5CF1DC103FF0031A4A7 /* Resources */ = {
			isa = PBXResourcesBuildPhase;
			buildActionMask = 2147483647;
			files = (
				EB0BF5DB1DC103FF0031A4A7 /* Assets.xcassets in Resources */,
				EB0BF5DE1DC103FF0031A4A7 /* MainMenu.xib in Resources */,
			);
			runOnlyForDeploymentPostprocessing = 0;
		};
		EB0BF5E71DC1041F0031A4A7 /* Resources */ = {
			isa = PBXResourcesBuildPhase;
			buildActionMask = 2147483647;
			files = (
			);
			runOnlyForDeploymentPostprocessing = 0;
		};
		EB64F7F41DEA4B3D00C20A44 /* Resources */ = {
			isa = PBXResourcesBuildPhase;
			buildActionMask = 2147483647;
			files = (
				EB64F80A1DEA546D00C20A44 /* ObjcParser_0.txt in Resources */,
			);
			runOnlyForDeploymentPostprocessing = 0;
		};
/* End PBXResourcesBuildPhase section */

/* Begin PBXSourcesBuildPhase section */
		EB0BF5CD1DC103FF0031A4A7 /* Sources */ = {
			isa = PBXSourcesBuildPhase;
			buildActionMask = 2147483647;
			files = (
				EB0BF5D91DC103FF0031A4A7 /* main.m in Sources */,
				EB0BF5D61DC103FF0031A4A7 /* AppDelegate.m in Sources */,
			);
			runOnlyForDeploymentPostprocessing = 0;
		};
		EB0BF5E51DC1041F0031A4A7 /* Sources */ = {
			isa = PBXSourcesBuildPhase;
			buildActionMask = 2147483647;
			files = (
				EBFF87311DC6BC9C00CB80FD /* BYCommandInfo.m in Sources */,
				EB0BF6111DC104780031A4A7 /* BYSourceInfo.m in Sources */,
				EB02A4901DC7186200D0BE13 /* BYMethod.m in Sources */,
				EB02A4921DC7186200D0BE13 /* BYProperty.m in Sources */,
				EB0BF60F1DC104780031A4A7 /* BYObjcGenerator.m in Sources */,
				EB02A4931DC7186200D0BE13 /* BYType.m in Sources */,
				EB0BF5F21DC1041F0031A4A7 /* SourceEditorExtension.m in Sources */,
				EBC67BAC1DD01ABD0092C1CE /* NSString+Tools.m in Sources */,
				EBC67BAB1DD01ABD0092C1CE /* NSScanner+Tools.m in Sources */,
				EB0BF5F51DC1041F0031A4A7 /* SourceEditorCommand.m in Sources */,
				EB02A4911DC7186200D0BE13 /* BYObjcParser.m in Sources */,
			);
			runOnlyForDeploymentPostprocessing = 0;
		};
		EB64F7F21DEA4B3D00C20A44 /* Sources */ = {
			isa = PBXSourcesBuildPhase;
			buildActionMask = 2147483647;
			files = (
				EB64F8071DEA540100C20A44 /* BYMethod.m in Sources */,
				EB64F8091DEA540800C20A44 /* BYType.m in Sources */,
				EB64F8081DEA540400C20A44 /* BYProperty.m in Sources */,
				EB64F7F91DEA4B3D00C20A44 /* XcodeBasicsTests.m in Sources */,
				EB64F8011DEA4C8F00C20A44 /* BYObjcParserTests.m in Sources */,
				EB64F8061DEA53EC00C20A44 /* BYObjcParser.m in Sources */,
			);
			runOnlyForDeploymentPostprocessing = 0;
		};
/* End PBXSourcesBuildPhase section */

/* Begin PBXTargetDependency section */
		EB0BF5F81DC1041F0031A4A7 /* PBXTargetDependency */ = {
			isa = PBXTargetDependency;
			target = EB0BF5E81DC1041F0031A4A7 /* Basics */;
			targetProxy = EB0BF5F71DC1041F0031A4A7 /* PBXContainerItemProxy */;
		};
		EB64F7FC1DEA4B3D00C20A44 /* PBXTargetDependency */ = {
			isa = PBXTargetDependency;
			target = EB0BF5D01DC103FF0031A4A7 /* XcodeBasics */;
			targetProxy = EB64F7FB1DEA4B3D00C20A44 /* PBXContainerItemProxy */;
		};
/* End PBXTargetDependency section */

/* Begin PBXVariantGroup section */
		EB0BF5DC1DC103FF0031A4A7 /* MainMenu.xib */ = {
			isa = PBXVariantGroup;
			children = (
				EB0BF5DD1DC103FF0031A4A7 /* Base */,
			);
			name = MainMenu.xib;
			sourceTree = "<group>";
		};
/* End PBXVariantGroup section */

/* Begin XCBuildConfiguration section */
		EB0BF5E01DC103FF0031A4A7 /* Debug */ = {
			isa = XCBuildConfiguration;
			buildSettings = {
				ALWAYS_SEARCH_USER_PATHS = NO;
				CLANG_ANALYZER_NONNULL = YES;
				CLANG_CXX_LANGUAGE_STANDARD = "gnu++0x";
				CLANG_CXX_LIBRARY = "libc++";
				CLANG_ENABLE_MODULES = YES;
				CLANG_ENABLE_OBJC_ARC = YES;
				CLANG_WARN_BOOL_CONVERSION = YES;
				CLANG_WARN_CONSTANT_CONVERSION = YES;
				CLANG_WARN_DIRECT_OBJC_ISA_USAGE = YES_ERROR;
				CLANG_WARN_DOCUMENTATION_COMMENTS = YES;
				CLANG_WARN_EMPTY_BODY = YES;
				CLANG_WARN_ENUM_CONVERSION = YES;
				CLANG_WARN_INFINITE_RECURSION = YES;
				CLANG_WARN_INT_CONVERSION = YES;
				CLANG_WARN_OBJC_ROOT_CLASS = YES_ERROR;
				CLANG_WARN_SUSPICIOUS_MOVES = YES;
				CLANG_WARN_UNREACHABLE_CODE = YES;
				CLANG_WARN__DUPLICATE_METHOD_MATCH = YES;
				CODE_SIGN_IDENTITY = "-";
				COPY_PHASE_STRIP = NO;
				DEBUG_INFORMATION_FORMAT = dwarf;
				ENABLE_STRICT_OBJC_MSGSEND = YES;
				ENABLE_TESTABILITY = YES;
				GCC_C_LANGUAGE_STANDARD = gnu99;
				GCC_DYNAMIC_NO_PIC = NO;
				GCC_NO_COMMON_BLOCKS = YES;
				GCC_OPTIMIZATION_LEVEL = 0;
				GCC_PREPROCESSOR_DEFINITIONS = (
					"DEBUG=1",
					"$(inherited)",
				);
				GCC_WARN_64_TO_32_BIT_CONVERSION = YES;
				GCC_WARN_ABOUT_RETURN_TYPE = YES_ERROR;
				GCC_WARN_UNDECLARED_SELECTOR = YES;
				GCC_WARN_UNINITIALIZED_AUTOS = YES_AGGRESSIVE;
				GCC_WARN_UNUSED_FUNCTION = YES;
				GCC_WARN_UNUSED_VARIABLE = YES;
				MACOSX_DEPLOYMENT_TARGET = 10.11;
				MTL_ENABLE_DEBUG_INFO = YES;
				ONLY_ACTIVE_ARCH = YES;
				SDKROOT = macosx;
			};
			name = Debug;
		};
		EB0BF5E11DC103FF0031A4A7 /* Release */ = {
			isa = XCBuildConfiguration;
			buildSettings = {
				ALWAYS_SEARCH_USER_PATHS = NO;
				CLANG_ANALYZER_NONNULL = YES;
				CLANG_CXX_LANGUAGE_STANDARD = "gnu++0x";
				CLANG_CXX_LIBRARY = "libc++";
				CLANG_ENABLE_MODULES = YES;
				CLANG_ENABLE_OBJC_ARC = YES;
				CLANG_WARN_BOOL_CONVERSION = YES;
				CLANG_WARN_CONSTANT_CONVERSION = YES;
				CLANG_WARN_DIRECT_OBJC_ISA_USAGE = YES_ERROR;
				CLANG_WARN_DOCUMENTATION_COMMENTS = YES;
				CLANG_WARN_EMPTY_BODY = YES;
				CLANG_WARN_ENUM_CONVERSION = YES;
				CLANG_WARN_INFINITE_RECURSION = YES;
				CLANG_WARN_INT_CONVERSION = YES;
				CLANG_WARN_OBJC_ROOT_CLASS = YES_ERROR;
				CLANG_WARN_SUSPICIOUS_MOVES = YES;
				CLANG_WARN_UNREACHABLE_CODE = YES;
				CLANG_WARN__DUPLICATE_METHOD_MATCH = YES;
				CODE_SIGN_IDENTITY = "-";
				COPY_PHASE_STRIP = NO;
				DEBUG_INFORMATION_FORMAT = "dwarf-with-dsym";
				ENABLE_NS_ASSERTIONS = NO;
				ENABLE_STRICT_OBJC_MSGSEND = YES;
				GCC_C_LANGUAGE_STANDARD = gnu99;
				GCC_NO_COMMON_BLOCKS = YES;
				GCC_WARN_64_TO_32_BIT_CONVERSION = YES;
				GCC_WARN_ABOUT_RETURN_TYPE = YES_ERROR;
				GCC_WARN_UNDECLARED_SELECTOR = YES;
				GCC_WARN_UNINITIALIZED_AUTOS = YES_AGGRESSIVE;
				GCC_WARN_UNUSED_FUNCTION = YES;
				GCC_WARN_UNUSED_VARIABLE = YES;
				MACOSX_DEPLOYMENT_TARGET = 10.11;
				MTL_ENABLE_DEBUG_INFO = NO;
				SDKROOT = macosx;
			};
			name = Release;
		};
		EB0BF5E31DC103FF0031A4A7 /* Debug */ = {
			isa = XCBuildConfiguration;
			buildSettings = {
				ASSETCATALOG_COMPILER_APPICON_NAME = AppIcon;
				CODE_SIGN_IDENTITY = "Mac Developer";
				COMBINE_HIDPI_IMAGES = YES;
				CURRENT_PROJECT_VERSION = 1.1.0.0;
				DEVELOPMENT_TEAM = 8WC4AP3S3X;
				INFOPLIST_FILE = XcodeBasics/Info.plist;
				LD_RUNPATH_SEARCH_PATHS = "$(inherited) @executable_path/../Frameworks";
				MARKETING_VERSION = 1.1.0;
				PRODUCT_BUNDLE_IDENTIFIER = com.young.XcodeBasics;
				PRODUCT_NAME = "$(TARGET_NAME)";
			};
			name = Debug;
		};
		EB0BF5E41DC103FF0031A4A7 /* Release */ = {
			isa = XCBuildConfiguration;
			buildSettings = {
				ASSETCATALOG_COMPILER_APPICON_NAME = AppIcon;
				CODE_SIGN_IDENTITY = "Mac Developer";
				COMBINE_HIDPI_IMAGES = YES;
				CURRENT_PROJECT_VERSION = 1.1.0.0;
				DEVELOPMENT_TEAM = 8WC4AP3S3X;
				INFOPLIST_FILE = XcodeBasics/Info.plist;
				LD_RUNPATH_SEARCH_PATHS = "$(inherited) @executable_path/../Frameworks";
				MARKETING_VERSION = 1.1.0;
				PRODUCT_BUNDLE_IDENTIFIER = com.young.XcodeBasics;
				PRODUCT_NAME = "$(TARGET_NAME)";
			};
			name = Release;
		};
		EB0BF5FB1DC1041F0031A4A7 /* Debug */ = {
			isa = XCBuildConfiguration;
			buildSettings = {
				CODE_SIGN_ENTITLEMENTS = Basics/Basics.entitlements;
				CODE_SIGN_IDENTITY = "Mac Developer";
				COMBINE_HIDPI_IMAGES = YES;
				DEVELOPMENT_TEAM = 8WC4AP3S3X;
				INFOPLIST_FILE = Basics/Info.plist;
				LD_RUNPATH_SEARCH_PATHS = "$(inherited) @executable_path/../Frameworks @executable_path/../../../../Frameworks";
				MACOSX_DEPLOYMENT_TARGET = 10.11;
				PRODUCT_BUNDLE_IDENTIFIER = com.young.XcodeBasics.Basics;
				PRODUCT_NAME = "$(TARGET_NAME)";
				SKIP_INSTALL = YES;
			};
			name = Debug;
		};
		EB0BF5FC1DC1041F0031A4A7 /* Release */ = {
			isa = XCBuildConfiguration;
			buildSettings = {
				CODE_SIGN_ENTITLEMENTS = Basics/Basics.entitlements;
				CODE_SIGN_IDENTITY = "Mac Developer";
				COMBINE_HIDPI_IMAGES = YES;
				DEVELOPMENT_TEAM = 8WC4AP3S3X;
				INFOPLIST_FILE = Basics/Info.plist;
				LD_RUNPATH_SEARCH_PATHS = "$(inherited) @executable_path/../Frameworks @executable_path/../../../../Frameworks";
				MACOSX_DEPLOYMENT_TARGET = 10.11;
				PRODUCT_BUNDLE_IDENTIFIER = com.young.XcodeBasics.Basics;
				PRODUCT_NAME = "$(TARGET_NAME)";
				SKIP_INSTALL = YES;
			};
			name = Release;
		};
		EB64F7FD1DEA4B3D00C20A44 /* Debug */ = {
			isa = XCBuildConfiguration;
			buildSettings = {
				BUNDLE_LOADER = "$(TEST_HOST)";
				COMBINE_HIDPI_IMAGES = YES;
				DEVELOPMENT_TEAM = 8WC4AP3S3X;
				INFOPLIST_FILE = XcodeBasicsTests/Info.plist;
				LD_RUNPATH_SEARCH_PATHS = "$(inherited) @executable_path/../Frameworks @loader_path/../Frameworks";
				MACOSX_DEPLOYMENT_TARGET = 10.12;
				PRODUCT_BUNDLE_IDENTIFIER = com.young.XcodeBasicsTests;
				PRODUCT_NAME = "$(TARGET_NAME)";
				TEST_HOST = "$(BUILT_PRODUCTS_DIR)/XcodeBasics.app/Contents/MacOS/XcodeBasics";
			};
			name = Debug;
		};
		EB64F7FE1DEA4B3D00C20A44 /* Release */ = {
			isa = XCBuildConfiguration;
			buildSettings = {
				BUNDLE_LOADER = "$(TEST_HOST)";
				COMBINE_HIDPI_IMAGES = YES;
				DEVELOPMENT_TEAM = 8WC4AP3S3X;
				INFOPLIST_FILE = XcodeBasicsTests/Info.plist;
				LD_RUNPATH_SEARCH_PATHS = "$(inherited) @executable_path/../Frameworks @loader_path/../Frameworks";
				MACOSX_DEPLOYMENT_TARGET = 10.12;
				PRODUCT_BUNDLE_IDENTIFIER = com.young.XcodeBasicsTests;
				PRODUCT_NAME = "$(TARGET_NAME)";
				TEST_HOST = "$(BUILT_PRODUCTS_DIR)/XcodeBasics.app/Contents/MacOS/XcodeBasics";
			};
			name = Release;
		};
/* End XCBuildConfiguration section */

/* Begin XCConfigurationList section */
		EB0BF5CC1DC103FF0031A4A7 /* Build configuration list for PBXProject "XcodeBasics" */ = {
			isa = XCConfigurationList;
			buildConfigurations = (
				EB0BF5E01DC103FF0031A4A7 /* Debug */,
				EB0BF5E11DC103FF0031A4A7 /* Release */,
			);
			defaultConfigurationIsVisible = 0;
			defaultConfigurationName = Release;
		};
		EB0BF5E21DC103FF0031A4A7 /* Build configuration list for PBXNativeTarget "XcodeBasics" */ = {
			isa = XCConfigurationList;
			buildConfigurations = (
				EB0BF5E31DC103FF0031A4A7 /* Debug */,
				EB0BF5E41DC103FF0031A4A7 /* Release */,
			);
			defaultConfigurationIsVisible = 0;
			defaultConfigurationName = Release;
		};
		EB0BF5FA1DC1041F0031A4A7 /* Build configuration list for PBXNativeTarget "Basics" */ = {
			isa = XCConfigurationList;
			buildConfigurations = (
				EB0BF5FB1DC1041F0031A4A7 /* Debug */,
				EB0BF5FC1DC1041F0031A4A7 /* Release */,
			);
			defaultConfigurationIsVisible = 0;
			defaultConfigurationName = Release;
		};
		EB64F7FF1DEA4B3D00C20A44 /* Build configuration list for PBXNativeTarget "XcodeBasicsTests" */ = {
			isa = XCConfigurationList;
			buildConfigurations = (
				EB64F7FD1DEA4B3D00C20A44 /* Debug */,
				EB64F7FE1DEA4B3D00C20A44 /* Release */,
			);
			defaultConfigurationIsVisible = 0;
			defaultConfigurationName = Release;
		};
/* End XCConfigurationList section */
	};
	rootObject = EB0BF5C91DC103FF0031A4A7 /* Project object */;
}
